// !$*UTF8*$!
{
	archiveVersion = 1;
	classes = {
	};
	objectVersion = 48;
	objects = {

/* Begin PBXBuildFile section */
		6D007543232996BB0062EDE7 /* UIImage.swift in Sources */ = {isa = PBXBuildFile; fileRef = A259F19C201CF69F00B5164F /* UIImage.swift */; };
		6D007544232996C00062EDE7 /* AppDelegate.swift in Sources */ = {isa = PBXBuildFile; fileRef = A259F189201CF66900B5164F /* AppDelegate.swift */; };
		6DAA07B2230C6E8600B27D8A /* UseCase.swift in Sources */ = {isa = PBXBuildFile; fileRef = 6DAA07B1230C6E8600B27D8A /* UseCase.swift */; };
		6DAA07B7230C6F0D00B27D8A /* ListMyHeroes.swift in Sources */ = {isa = PBXBuildFile; fileRef = 6DAA07B6230C6F0D00B27D8A /* ListMyHeroes.swift */; };
		6DAA07B8230C6F0D00B27D8A /* ListMyHeroes.swift in Sources */ = {isa = PBXBuildFile; fileRef = 6DAA07B6230C6F0D00B27D8A /* ListMyHeroes.swift */; };
		6DAA07B9230C6F1000B27D8A /* UseCase.swift in Sources */ = {isa = PBXBuildFile; fileRef = 6DAA07B1230C6E8600B27D8A /* UseCase.swift */; };
		6DAA07BB230C6F1600B27D8A /* Host.swift in Sources */ = {isa = PBXBuildFile; fileRef = 6DAA07BA230C6F1600B27D8A /* Host.swift */; };
		6DAA07BC230C6F1600B27D8A /* Host.swift in Sources */ = {isa = PBXBuildFile; fileRef = 6DAA07BA230C6F1600B27D8A /* Host.swift */; };
		6DAA07BE230C6F1B00B27D8A /* User.swift in Sources */ = {isa = PBXBuildFile; fileRef = 6DAA07BD230C6F1B00B27D8A /* User.swift */; };
		6DAA07BF230C6F1B00B27D8A /* User.swift in Sources */ = {isa = PBXBuildFile; fileRef = 6DAA07BD230C6F1B00B27D8A /* User.swift */; };
		6DAA07E0230C7BBB00B27D8A /* ObtainMyHeroes.swift in Sources */ = {isa = PBXBuildFile; fileRef = 6DAA07DF230C7BBB00B27D8A /* ObtainMyHeroes.swift */; };
		6DAA07E1230C7BBB00B27D8A /* ObtainMyHeroes.swift in Sources */ = {isa = PBXBuildFile; fileRef = 6DAA07DF230C7BBB00B27D8A /* ObtainMyHeroes.swift */; };
		6DAA07E3230C7BC200B27D8A /* MyHeroesProvider.swift in Sources */ = {isa = PBXBuildFile; fileRef = 6DAA07E2230C7BC200B27D8A /* MyHeroesProvider.swift */; };
		6DAA07E4230C7BC200B27D8A /* MyHeroesProvider.swift in Sources */ = {isa = PBXBuildFile; fileRef = 6DAA07E2230C7BC200B27D8A /* MyHeroesProvider.swift */; };
		6DAA07E6230C7BC900B27D8A /* MyHeroesProviderError.swift in Sources */ = {isa = PBXBuildFile; fileRef = 6DAA07E5230C7BC900B27D8A /* MyHeroesProviderError.swift */; };
		6DAA07E7230C7BC900B27D8A /* MyHeroesProviderError.swift in Sources */ = {isa = PBXBuildFile; fileRef = 6DAA07E5230C7BC900B27D8A /* MyHeroesProviderError.swift */; };
		6DAA07E9230C7BD000B27D8A /* MyHeroesReceiver.swift in Sources */ = {isa = PBXBuildFile; fileRef = 6DAA07E8230C7BD000B27D8A /* MyHeroesReceiver.swift */; };
		6DAA07EA230C7BD000B27D8A /* MyHeroesReceiver.swift in Sources */ = {isa = PBXBuildFile; fileRef = 6DAA07E8230C7BD000B27D8A /* MyHeroesReceiver.swift */; };
		6DAA07F6230C840800B27D8A /* JSONParserGeneric.swift in Sources */ = {isa = PBXBuildFile; fileRef = 6DAA07F5230C840800B27D8A /* JSONParserGeneric.swift */; };
		6DAA07F7230C840800B27D8A /* JSONParserGeneric.swift in Sources */ = {isa = PBXBuildFile; fileRef = 6DAA07F5230C840800B27D8A /* JSONParserGeneric.swift */; };
		6DAA07F9230C841D00B27D8A /* JSONParserGenericError.swift in Sources */ = {isa = PBXBuildFile; fileRef = 6DAA07F8230C841D00B27D8A /* JSONParserGenericError.swift */; };
		6DAA07FA230C841D00B27D8A /* JSONParserGenericError.swift in Sources */ = {isa = PBXBuildFile; fileRef = 6DAA07F8230C841D00B27D8A /* JSONParserGenericError.swift */; };
		6DAA07FB230C8D1300B27D8A /* JSONParser.swift in Sources */ = {isa = PBXBuildFile; fileRef = A259F1A1201CF76400B5164F /* JSONParser.swift */; };
		6DAA07FC230C8D1600B27D8A /* MyHeroes.swift in Sources */ = {isa = PBXBuildFile; fileRef = A259F19F201CF6EA00B5164F /* MyHeroes.swift */; };
		6DAA07FF230C924300B27D8A /* ListMyHerosTestData.swift in Sources */ = {isa = PBXBuildFile; fileRef = 6DAA07FD230C924300B27D8A /* ListMyHerosTestData.swift */; };
		6DAA0802230CA16400B27D8A /* ObtainMyHeroesTest.swift in Sources */ = {isa = PBXBuildFile; fileRef = 6DAA0801230CA16400B27D8A /* ObtainMyHeroesTest.swift */; };
		6DAA0805230CA17400B27D8A /* MyHeroesProviderMock.swift in Sources */ = {isa = PBXBuildFile; fileRef = 6DAA0803230CA17400B27D8A /* MyHeroesProviderMock.swift */; };
		6DAA0808230CA18300B27D8A /* MyHeroesProviderMockFailure.swift in Sources */ = {isa = PBXBuildFile; fileRef = 6DAA0806230CA18300B27D8A /* MyHeroesProviderMockFailure.swift */; };
		6DAA080B230CA18F00B27D8A /* MyHeroesReceiverMock.swift in Sources */ = {isa = PBXBuildFile; fileRef = 6DAA0809230CA18F00B27D8A /* MyHeroesReceiverMock.swift */; };
		6DAA0811230CD2E900B27D8A /* DefaultHeroesSummaryMockProvider.swift in Sources */ = {isa = PBXBuildFile; fileRef = 6DAA0810230CD2E900B27D8A /* DefaultHeroesSummaryMockProvider.swift */; };
		6DAA0812230CD2E900B27D8A /* DefaultHeroesSummaryMockProvider.swift in Sources */ = {isa = PBXBuildFile; fileRef = 6DAA0810230CD2E900B27D8A /* DefaultHeroesSummaryMockProvider.swift */; };
		6DAA081D230CDA7300B27D8A /* MyHeroesAPIMockable.swift in Sources */ = {isa = PBXBuildFile; fileRef = 6DAA081C230CDA7300B27D8A /* MyHeroesAPIMockable.swift */; };
		6DAA081E230CDA7300B27D8A /* MyHeroesAPIMockable.swift in Sources */ = {isa = PBXBuildFile; fileRef = 6DAA081C230CDA7300B27D8A /* MyHeroesAPIMockable.swift */; };
		6DAA0825230CDB3D00B27D8A /* DefaultListMyHeroesSummaryExecutor.swift in Sources */ = {isa = PBXBuildFile; fileRef = 6DAA0824230CDB3D00B27D8A /* DefaultListMyHeroesSummaryExecutor.swift */; };
		6DAA0826230CDB3D00B27D8A /* DefaultListMyHeroesSummaryExecutor.swift in Sources */ = {isa = PBXBuildFile; fileRef = 6DAA0824230CDB3D00B27D8A /* DefaultListMyHeroesSummaryExecutor.swift */; };
		6DAA0828230CDB4C00B27D8A /* ObtainListMyHeroesSummaryExecutor.swift in Sources */ = {isa = PBXBuildFile; fileRef = 6DAA0827230CDB4C00B27D8A /* ObtainListMyHeroesSummaryExecutor.swift */; };
		6DAA0829230CDB4C00B27D8A /* ObtainListMyHeroesSummaryExecutor.swift in Sources */ = {isa = PBXBuildFile; fileRef = 6DAA0827230CDB4C00B27D8A /* ObtainListMyHeroesSummaryExecutor.swift */; };
		6DAA082B230CDB5B00B27D8A /* ObtainListMyHeroesSummaryExecutorError.swift in Sources */ = {isa = PBXBuildFile; fileRef = 6DAA082A230CDB5B00B27D8A /* ObtainListMyHeroesSummaryExecutorError.swift */; };
		6DAA082C230CDB5B00B27D8A /* ObtainListMyHeroesSummaryExecutorError.swift in Sources */ = {isa = PBXBuildFile; fileRef = 6DAA082A230CDB5B00B27D8A /* ObtainListMyHeroesSummaryExecutorError.swift */; };
		6DAA0843230CE29000B27D8A /* IdentifiableCell.swift in Sources */ = {isa = PBXBuildFile; fileRef = 6DAA0842230CE29000B27D8A /* IdentifiableCell.swift */; };
		6DAA0844230CE29000B27D8A /* IdentifiableCell.swift in Sources */ = {isa = PBXBuildFile; fileRef = 6DAA0842230CE29000B27D8A /* IdentifiableCell.swift */; };
		6DAA0846230CE2AF00B27D8A /* BaseConfigurationViewController.swift in Sources */ = {isa = PBXBuildFile; fileRef = 6DAA0845230CE2AF00B27D8A /* BaseConfigurationViewController.swift */; };
		6DAA0847230CE2AF00B27D8A /* BaseConfigurationViewController.swift in Sources */ = {isa = PBXBuildFile; fileRef = 6DAA0845230CE2AF00B27D8A /* BaseConfigurationViewController.swift */; };
		6DAA084B230CE2F900B27D8A /* AlertMessageDestination.swift in Sources */ = {isa = PBXBuildFile; fileRef = 6DAA084A230CE2F900B27D8A /* AlertMessageDestination.swift */; };
		6DAA084C230CE2F900B27D8A /* AlertMessageDestination.swift in Sources */ = {isa = PBXBuildFile; fileRef = 6DAA084A230CE2F900B27D8A /* AlertMessageDestination.swift */; };
		6DAA084E230CE30900B27D8A /* AlertMessageDestinationConfiguration.swift in Sources */ = {isa = PBXBuildFile; fileRef = 6DAA084D230CE30900B27D8A /* AlertMessageDestinationConfiguration.swift */; };
		6DAA084F230CE30900B27D8A /* AlertMessageDestinationConfiguration.swift in Sources */ = {isa = PBXBuildFile; fileRef = 6DAA084D230CE30900B27D8A /* AlertMessageDestinationConfiguration.swift */; };
		6DAA0851230CE31300B27D8A /* AlertMessageTypeDestination.swift in Sources */ = {isa = PBXBuildFile; fileRef = 6DAA0850230CE31300B27D8A /* AlertMessageTypeDestination.swift */; };
		6DAA0852230CE31300B27D8A /* AlertMessageTypeDestination.swift in Sources */ = {isa = PBXBuildFile; fileRef = 6DAA0850230CE31300B27D8A /* AlertMessageTypeDestination.swift */; };
		6DAA0854230CE36200B27D8A /* ActivityIndicator.swift in Sources */ = {isa = PBXBuildFile; fileRef = 6DAA0853230CE36200B27D8A /* ActivityIndicator.swift */; };
		6DAA0855230CE36200B27D8A /* ActivityIndicator.swift in Sources */ = {isa = PBXBuildFile; fileRef = 6DAA0853230CE36200B27D8A /* ActivityIndicator.swift */; };
		6DAA0857230CE39500B27D8A /* ViewControllerNavigationBehavior.swift in Sources */ = {isa = PBXBuildFile; fileRef = 6DAA0856230CE39500B27D8A /* ViewControllerNavigationBehavior.swift */; };
		6DAA0858230CE39500B27D8A /* ViewControllerNavigationBehavior.swift in Sources */ = {isa = PBXBuildFile; fileRef = 6DAA0856230CE39500B27D8A /* ViewControllerNavigationBehavior.swift */; };
		6DAA085A230CE3AB00B27D8A /* NavigationEffect.swift in Sources */ = {isa = PBXBuildFile; fileRef = 6DAA0859230CE3AB00B27D8A /* NavigationEffect.swift */; };
		6DAA085B230CE3AB00B27D8A /* NavigationEffect.swift in Sources */ = {isa = PBXBuildFile; fileRef = 6DAA0859230CE3AB00B27D8A /* NavigationEffect.swift */; };
		6DAA085D230CE3BA00B27D8A /* NavigationMode.swift in Sources */ = {isa = PBXBuildFile; fileRef = 6DAA085C230CE3BA00B27D8A /* NavigationMode.swift */; };
		6DAA085E230CE3BA00B27D8A /* NavigationMode.swift in Sources */ = {isa = PBXBuildFile; fileRef = 6DAA085C230CE3BA00B27D8A /* NavigationMode.swift */; };
		6DAA0860230CE3CF00B27D8A /* BasicDestinationBehavior.swift in Sources */ = {isa = PBXBuildFile; fileRef = 6DAA085F230CE3CF00B27D8A /* BasicDestinationBehavior.swift */; };
		6DAA0861230CE3CF00B27D8A /* BasicDestinationBehavior.swift in Sources */ = {isa = PBXBuildFile; fileRef = 6DAA085F230CE3CF00B27D8A /* BasicDestinationBehavior.swift */; };
		6DAA0863230CE3DF00B27D8A /* Destination.swift in Sources */ = {isa = PBXBuildFile; fileRef = 6DAA0862230CE3DF00B27D8A /* Destination.swift */; };
		6DAA0864230CE3DF00B27D8A /* Destination.swift in Sources */ = {isa = PBXBuildFile; fileRef = 6DAA0862230CE3DF00B27D8A /* Destination.swift */; };
		6DAA0866230CE3EE00B27D8A /* DefaultNavigation.swift in Sources */ = {isa = PBXBuildFile; fileRef = 6DAA0865230CE3EE00B27D8A /* DefaultNavigation.swift */; };
		6DAA0867230CE3EE00B27D8A /* DefaultNavigation.swift in Sources */ = {isa = PBXBuildFile; fileRef = 6DAA0865230CE3EE00B27D8A /* DefaultNavigation.swift */; };
		6DAA0869230CE42900B27D8A /* Navigator.swift in Sources */ = {isa = PBXBuildFile; fileRef = 6DAA0868230CE42900B27D8A /* Navigator.swift */; };
		6DAA086A230CE42900B27D8A /* Navigator.swift in Sources */ = {isa = PBXBuildFile; fileRef = 6DAA0868230CE42900B27D8A /* Navigator.swift */; };
		6DAA086C230CE4E500B27D8A /* MyHeroesSummaryViewController.swift in Sources */ = {isa = PBXBuildFile; fileRef = 6DAA086B230CE4E500B27D8A /* MyHeroesSummaryViewController.swift */; };
		6DAA086D230CE4E500B27D8A /* MyHeroesSummaryViewController.swift in Sources */ = {isa = PBXBuildFile; fileRef = 6DAA086B230CE4E500B27D8A /* MyHeroesSummaryViewController.swift */; };
		6DAA086F230CE53100B27D8A /* MyHeroesSummaryConfigureUIComponents.swift in Sources */ = {isa = PBXBuildFile; fileRef = 6DAA086E230CE53100B27D8A /* MyHeroesSummaryConfigureUIComponents.swift */; };
		6DAA0870230CE53100B27D8A /* MyHeroesSummaryConfigureUIComponents.swift in Sources */ = {isa = PBXBuildFile; fileRef = 6DAA086E230CE53100B27D8A /* MyHeroesSummaryConfigureUIComponents.swift */; };
		6DAA0872230CE54800B27D8A /* MyHeroesSummaryConfigureRequest.swift in Sources */ = {isa = PBXBuildFile; fileRef = 6DAA0871230CE54800B27D8A /* MyHeroesSummaryConfigureRequest.swift */; };
		6DAA0873230CE54800B27D8A /* MyHeroesSummaryConfigureRequest.swift in Sources */ = {isa = PBXBuildFile; fileRef = 6DAA0871230CE54800B27D8A /* MyHeroesSummaryConfigureRequest.swift */; };
		6DAA0875230CE55500B27D8A /* TableViewForMyHeroesSummary.swift in Sources */ = {isa = PBXBuildFile; fileRef = 6DAA0874230CE55500B27D8A /* TableViewForMyHeroesSummary.swift */; };
		6DAA0876230CE55500B27D8A /* TableViewForMyHeroesSummary.swift in Sources */ = {isa = PBXBuildFile; fileRef = 6DAA0874230CE55500B27D8A /* TableViewForMyHeroesSummary.swift */; };
		6DAA0878230CE56A00B27D8A /* MyHeroesSummaryTableViewCell.swift in Sources */ = {isa = PBXBuildFile; fileRef = 6DAA0877230CE56A00B27D8A /* MyHeroesSummaryTableViewCell.swift */; };
		6DAA0879230CE56A00B27D8A /* MyHeroesSummaryTableViewCell.swift in Sources */ = {isa = PBXBuildFile; fileRef = 6DAA0877230CE56A00B27D8A /* MyHeroesSummaryTableViewCell.swift */; };
		6DAA087B230CE58100B27D8A /* MyHeroesSummaryStoryboard.storyboard in Resources */ = {isa = PBXBuildFile; fileRef = 6DAA087A230CE58100B27D8A /* MyHeroesSummaryStoryboard.storyboard */; };
		6DAA087C230CE58100B27D8A /* MyHeroesSummaryStoryboard.storyboard in Resources */ = {isa = PBXBuildFile; fileRef = 6DAA087A230CE58100B27D8A /* MyHeroesSummaryStoryboard.storyboard */; };
		6DAA087E230CE59600B27D8A /* MyHeroesSummaryPresenter.swift in Sources */ = {isa = PBXBuildFile; fileRef = 6DAA087D230CE59600B27D8A /* MyHeroesSummaryPresenter.swift */; };
		6DAA087F230CE59600B27D8A /* MyHeroesSummaryPresenter.swift in Sources */ = {isa = PBXBuildFile; fileRef = 6DAA087D230CE59600B27D8A /* MyHeroesSummaryPresenter.swift */; };
		6DAA0881230CE59C00B27D8A /* MyHeroesSummaryShowScreen.swift in Sources */ = {isa = PBXBuildFile; fileRef = 6DAA0880230CE59C00B27D8A /* MyHeroesSummaryShowScreen.swift */; };
		6DAA0882230CE59C00B27D8A /* MyHeroesSummaryShowScreen.swift in Sources */ = {isa = PBXBuildFile; fileRef = 6DAA0880230CE59C00B27D8A /* MyHeroesSummaryShowScreen.swift */; };
		6DAA0884230CE5B000B27D8A /* MyHeroesSummaryDestination.swift in Sources */ = {isa = PBXBuildFile; fileRef = 6DAA0883230CE5B000B27D8A /* MyHeroesSummaryDestination.swift */; };
		6DAA0885230CE5B000B27D8A /* MyHeroesSummaryDestination.swift in Sources */ = {isa = PBXBuildFile; fileRef = 6DAA0883230CE5B000B27D8A /* MyHeroesSummaryDestination.swift */; };
		6DAA0887230CE5BF00B27D8A /* MyHeroesSummaryDestinationConfiguration.swift in Sources */ = {isa = PBXBuildFile; fileRef = 6DAA0886230CE5BF00B27D8A /* MyHeroesSummaryDestinationConfiguration.swift */; };
		6DAA0888230CE5BF00B27D8A /* MyHeroesSummaryDestinationConfiguration.swift in Sources */ = {isa = PBXBuildFile; fileRef = 6DAA0886230CE5BF00B27D8A /* MyHeroesSummaryDestinationConfiguration.swift */; };
		6DAA088A230CE5CA00B27D8A /* MyHeroesSummaryTypeDestination.swift in Sources */ = {isa = PBXBuildFile; fileRef = 6DAA0889230CE5CA00B27D8A /* MyHeroesSummaryTypeDestination.swift */; };
		6DAA088B230CE5CA00B27D8A /* MyHeroesSummaryTypeDestination.swift in Sources */ = {isa = PBXBuildFile; fileRef = 6DAA0889230CE5CA00B27D8A /* MyHeroesSummaryTypeDestination.swift */; };
		6DAA088D230CF62000B27D8A /* ViewBorder.swift in Sources */ = {isa = PBXBuildFile; fileRef = 6DAA088C230CF62000B27D8A /* ViewBorder.swift */; };
		6DAA088E230CF62000B27D8A /* ViewBorder.swift in Sources */ = {isa = PBXBuildFile; fileRef = 6DAA088C230CF62000B27D8A /* ViewBorder.swift */; };
		6DAA0890230D8CBF00B27D8A /* UIColor.swift in Sources */ = {isa = PBXBuildFile; fileRef = 6DAA088F230D8CBF00B27D8A /* UIColor.swift */; };
		6DAA0891230D8CBF00B27D8A /* UIColor.swift in Sources */ = {isa = PBXBuildFile; fileRef = 6DAA088F230D8CBF00B27D8A /* UIColor.swift */; };
		6DAA0893230D8FD700B27D8A /* Double.swift in Sources */ = {isa = PBXBuildFile; fileRef = 6DAA0892230D8FD700B27D8A /* Double.swift */; };
		6DAA0894230D8FD700B27D8A /* Double.swift in Sources */ = {isa = PBXBuildFile; fileRef = 6DAA0892230D8FD700B27D8A /* Double.swift */; };
		6DAA0896230DBAC700B27D8A /* Animation.swift in Sources */ = {isa = PBXBuildFile; fileRef = 6DAA0895230DBAC700B27D8A /* Animation.swift */; };
		6DAA0897230DBAC700B27D8A /* Animation.swift in Sources */ = {isa = PBXBuildFile; fileRef = 6DAA0895230DBAC700B27D8A /* Animation.swift */; };
		6DAA0899230DD49A00B27D8A /* Font.swift in Sources */ = {isa = PBXBuildFile; fileRef = 6DAA0898230DD49900B27D8A /* Font.swift */; };
		6DAA089A230DD49A00B27D8A /* Font.swift in Sources */ = {isa = PBXBuildFile; fileRef = 6DAA0898230DD49900B27D8A /* Font.swift */; };
		6DAA089C230E46CB00B27D8A /* CodeView.swift in Sources */ = {isa = PBXBuildFile; fileRef = 6DAA089B230E46CB00B27D8A /* CodeView.swift */; };
		6DAA089D230E46CB00B27D8A /* CodeView.swift in Sources */ = {isa = PBXBuildFile; fileRef = 6DAA089B230E46CB00B27D8A /* CodeView.swift */; };
		6DAA089F230E478000B27D8A /* MyHeroesSummaryTableViewCellConfigureConstraints.swift in Sources */ = {isa = PBXBuildFile; fileRef = 6DAA089E230E478000B27D8A /* MyHeroesSummaryTableViewCellConfigureConstraints.swift */; };
		6DAA08A0230E478000B27D8A /* MyHeroesSummaryTableViewCellConfigureConstraints.swift in Sources */ = {isa = PBXBuildFile; fileRef = 6DAA089E230E478000B27D8A /* MyHeroesSummaryTableViewCellConfigureConstraints.swift */; };
		6DAA08A4230E487300B27D8A /* MyHeroesSummaryTableViewCellActions.swift in Sources */ = {isa = PBXBuildFile; fileRef = 6DAA08A3230E487300B27D8A /* MyHeroesSummaryTableViewCellActions.swift */; };
		6DAA08A5230E487300B27D8A /* MyHeroesSummaryTableViewCellActions.swift in Sources */ = {isa = PBXBuildFile; fileRef = 6DAA08A3230E487300B27D8A /* MyHeroesSummaryTableViewCellActions.swift */; };
		A259F18A201CF66900B5164F /* AppDelegate.swift in Sources */ = {isa = PBXBuildFile; fileRef = A259F189201CF66900B5164F /* AppDelegate.swift */; };
		A259F191201CF66900B5164F /* Assets.xcassets in Resources */ = {isa = PBXBuildFile; fileRef = A259F190201CF66900B5164F /* Assets.xcassets */; };
		A259F194201CF66900B5164F /* LaunchScreen.storyboard in Resources */ = {isa = PBXBuildFile; fileRef = A259F192201CF66900B5164F /* LaunchScreen.storyboard */; };
		A259F19D201CF69F00B5164F /* UIImage.swift in Sources */ = {isa = PBXBuildFile; fileRef = A259F19C201CF69F00B5164F /* UIImage.swift */; };
		A259F1A0201CF6EA00B5164F /* MyHeroes.swift in Sources */ = {isa = PBXBuildFile; fileRef = A259F19F201CF6EA00B5164F /* MyHeroes.swift */; };
		A259F1A2201CF76400B5164F /* JSONParser.swift in Sources */ = {isa = PBXBuildFile; fileRef = A259F1A1201CF76400B5164F /* JSONParser.swift */; };
/* End PBXBuildFile section */

/* Begin PBXContainerItemProxy section */
		6DAA07AC230C6E7500B27D8A /* PBXContainerItemProxy */ = {
			isa = PBXContainerItemProxy;
			containerPortal = A259F17E201CF66900B5164F /* Project object */;
			proxyType = 1;
			remoteGlobalIDString = A259F185201CF66900B5164F;
			remoteInfo = "doghero-test";
		};
/* End PBXContainerItemProxy section */

/* Begin PBXFileReference section */
		6DAA07A7230C6E7500B27D8A /* doghero-testTests.xctest */ = {isa = PBXFileReference; explicitFileType = wrapper.cfbundle; includeInIndex = 0; path = "doghero-testTests.xctest"; sourceTree = BUILT_PRODUCTS_DIR; };
		6DAA07AB230C6E7500B27D8A /* Info.plist */ = {isa = PBXFileReference; lastKnownFileType = text.plist.xml; path = Info.plist; sourceTree = "<group>"; };
		6DAA07B1230C6E8600B27D8A /* UseCase.swift */ = {isa = PBXFileReference; lastKnownFileType = sourcecode.swift; path = UseCase.swift; sourceTree = "<group>"; };
		6DAA07B6230C6F0D00B27D8A /* ListMyHeroes.swift */ = {isa = PBXFileReference; lastKnownFileType = sourcecode.swift; path = ListMyHeroes.swift; sourceTree = "<group>"; };
		6DAA07BA230C6F1600B27D8A /* Host.swift */ = {isa = PBXFileReference; lastKnownFileType = sourcecode.swift; path = Host.swift; sourceTree = "<group>"; };
		6DAA07BD230C6F1B00B27D8A /* User.swift */ = {isa = PBXFileReference; lastKnownFileType = sourcecode.swift; path = User.swift; sourceTree = "<group>"; };
		6DAA07DF230C7BBB00B27D8A /* ObtainMyHeroes.swift */ = {isa = PBXFileReference; lastKnownFileType = sourcecode.swift; path = ObtainMyHeroes.swift; sourceTree = "<group>"; };
		6DAA07E2230C7BC200B27D8A /* MyHeroesProvider.swift */ = {isa = PBXFileReference; lastKnownFileType = sourcecode.swift; path = MyHeroesProvider.swift; sourceTree = "<group>"; };
		6DAA07E5230C7BC900B27D8A /* MyHeroesProviderError.swift */ = {isa = PBXFileReference; lastKnownFileType = sourcecode.swift; path = MyHeroesProviderError.swift; sourceTree = "<group>"; };
		6DAA07E8230C7BD000B27D8A /* MyHeroesReceiver.swift */ = {isa = PBXFileReference; lastKnownFileType = sourcecode.swift; path = MyHeroesReceiver.swift; sourceTree = "<group>"; };
		6DAA07F5230C840800B27D8A /* JSONParserGeneric.swift */ = {isa = PBXFileReference; lastKnownFileType = sourcecode.swift; path = JSONParserGeneric.swift; sourceTree = "<group>"; };
		6DAA07F8230C841D00B27D8A /* JSONParserGenericError.swift */ = {isa = PBXFileReference; lastKnownFileType = sourcecode.swift; path = JSONParserGenericError.swift; sourceTree = "<group>"; };
		6DAA07FD230C924300B27D8A /* ListMyHerosTestData.swift */ = {isa = PBXFileReference; lastKnownFileType = sourcecode.swift; path = ListMyHerosTestData.swift; sourceTree = "<group>"; };
		6DAA0801230CA16400B27D8A /* ObtainMyHeroesTest.swift */ = {isa = PBXFileReference; lastKnownFileType = sourcecode.swift; path = ObtainMyHeroesTest.swift; sourceTree = "<group>"; };
		6DAA0803230CA17400B27D8A /* MyHeroesProviderMock.swift */ = {isa = PBXFileReference; lastKnownFileType = sourcecode.swift; path = MyHeroesProviderMock.swift; sourceTree = "<group>"; };
		6DAA0806230CA18300B27D8A /* MyHeroesProviderMockFailure.swift */ = {isa = PBXFileReference; lastKnownFileType = sourcecode.swift; path = MyHeroesProviderMockFailure.swift; sourceTree = "<group>"; };
		6DAA0809230CA18F00B27D8A /* MyHeroesReceiverMock.swift */ = {isa = PBXFileReference; lastKnownFileType = sourcecode.swift; path = MyHeroesReceiverMock.swift; sourceTree = "<group>"; };
		6DAA0810230CD2E900B27D8A /* DefaultHeroesSummaryMockProvider.swift */ = {isa = PBXFileReference; lastKnownFileType = sourcecode.swift; path = DefaultHeroesSummaryMockProvider.swift; sourceTree = "<group>"; };
		6DAA081C230CDA7300B27D8A /* MyHeroesAPIMockable.swift */ = {isa = PBXFileReference; lastKnownFileType = sourcecode.swift; path = MyHeroesAPIMockable.swift; sourceTree = "<group>"; };
		6DAA0824230CDB3D00B27D8A /* DefaultListMyHeroesSummaryExecutor.swift */ = {isa = PBXFileReference; lastKnownFileType = sourcecode.swift; path = DefaultListMyHeroesSummaryExecutor.swift; sourceTree = "<group>"; };
		6DAA0827230CDB4C00B27D8A /* ObtainListMyHeroesSummaryExecutor.swift */ = {isa = PBXFileReference; lastKnownFileType = sourcecode.swift; path = ObtainListMyHeroesSummaryExecutor.swift; sourceTree = "<group>"; };
		6DAA082A230CDB5B00B27D8A /* ObtainListMyHeroesSummaryExecutorError.swift */ = {isa = PBXFileReference; lastKnownFileType = sourcecode.swift; path = ObtainListMyHeroesSummaryExecutorError.swift; sourceTree = "<group>"; };
		6DAA0842230CE29000B27D8A /* IdentifiableCell.swift */ = {isa = PBXFileReference; lastKnownFileType = sourcecode.swift; path = IdentifiableCell.swift; sourceTree = "<group>"; };
		6DAA0845230CE2AF00B27D8A /* BaseConfigurationViewController.swift */ = {isa = PBXFileReference; lastKnownFileType = sourcecode.swift; path = BaseConfigurationViewController.swift; sourceTree = "<group>"; };
		6DAA084A230CE2F900B27D8A /* AlertMessageDestination.swift */ = {isa = PBXFileReference; lastKnownFileType = sourcecode.swift; path = AlertMessageDestination.swift; sourceTree = "<group>"; };
		6DAA084D230CE30900B27D8A /* AlertMessageDestinationConfiguration.swift */ = {isa = PBXFileReference; lastKnownFileType = sourcecode.swift; path = AlertMessageDestinationConfiguration.swift; sourceTree = "<group>"; };
		6DAA0850230CE31300B27D8A /* AlertMessageTypeDestination.swift */ = {isa = PBXFileReference; lastKnownFileType = sourcecode.swift; path = AlertMessageTypeDestination.swift; sourceTree = "<group>"; };
		6DAA0853230CE36200B27D8A /* ActivityIndicator.swift */ = {isa = PBXFileReference; lastKnownFileType = sourcecode.swift; path = ActivityIndicator.swift; sourceTree = "<group>"; };
		6DAA0856230CE39500B27D8A /* ViewControllerNavigationBehavior.swift */ = {isa = PBXFileReference; lastKnownFileType = sourcecode.swift; path = ViewControllerNavigationBehavior.swift; sourceTree = "<group>"; };
		6DAA0859230CE3AB00B27D8A /* NavigationEffect.swift */ = {isa = PBXFileReference; lastKnownFileType = sourcecode.swift; path = NavigationEffect.swift; sourceTree = "<group>"; };
		6DAA085C230CE3BA00B27D8A /* NavigationMode.swift */ = {isa = PBXFileReference; lastKnownFileType = sourcecode.swift; path = NavigationMode.swift; sourceTree = "<group>"; };
		6DAA085F230CE3CF00B27D8A /* BasicDestinationBehavior.swift */ = {isa = PBXFileReference; lastKnownFileType = sourcecode.swift; path = BasicDestinationBehavior.swift; sourceTree = "<group>"; };
		6DAA0862230CE3DF00B27D8A /* Destination.swift */ = {isa = PBXFileReference; lastKnownFileType = sourcecode.swift; path = Destination.swift; sourceTree = "<group>"; };
		6DAA0865230CE3EE00B27D8A /* DefaultNavigation.swift */ = {isa = PBXFileReference; lastKnownFileType = sourcecode.swift; path = DefaultNavigation.swift; sourceTree = "<group>"; };
		6DAA0868230CE42900B27D8A /* Navigator.swift */ = {isa = PBXFileReference; lastKnownFileType = sourcecode.swift; path = Navigator.swift; sourceTree = "<group>"; };
		6DAA086B230CE4E500B27D8A /* MyHeroesSummaryViewController.swift */ = {isa = PBXFileReference; lastKnownFileType = sourcecode.swift; path = MyHeroesSummaryViewController.swift; sourceTree = "<group>"; };
		6DAA086E230CE53100B27D8A /* MyHeroesSummaryConfigureUIComponents.swift */ = {isa = PBXFileReference; lastKnownFileType = sourcecode.swift; path = MyHeroesSummaryConfigureUIComponents.swift; sourceTree = "<group>"; };
		6DAA0871230CE54800B27D8A /* MyHeroesSummaryConfigureRequest.swift */ = {isa = PBXFileReference; lastKnownFileType = sourcecode.swift; path = MyHeroesSummaryConfigureRequest.swift; sourceTree = "<group>"; };
		6DAA0874230CE55500B27D8A /* TableViewForMyHeroesSummary.swift */ = {isa = PBXFileReference; lastKnownFileType = sourcecode.swift; path = TableViewForMyHeroesSummary.swift; sourceTree = "<group>"; };
		6DAA0877230CE56A00B27D8A /* MyHeroesSummaryTableViewCell.swift */ = {isa = PBXFileReference; lastKnownFileType = sourcecode.swift; path = MyHeroesSummaryTableViewCell.swift; sourceTree = "<group>"; };
		6DAA087A230CE58100B27D8A /* MyHeroesSummaryStoryboard.storyboard */ = {isa = PBXFileReference; lastKnownFileType = file.storyboard; path = MyHeroesSummaryStoryboard.storyboard; sourceTree = "<group>"; };
		6DAA087D230CE59600B27D8A /* MyHeroesSummaryPresenter.swift */ = {isa = PBXFileReference; lastKnownFileType = sourcecode.swift; path = MyHeroesSummaryPresenter.swift; sourceTree = "<group>"; };
		6DAA0880230CE59C00B27D8A /* MyHeroesSummaryShowScreen.swift */ = {isa = PBXFileReference; lastKnownFileType = sourcecode.swift; path = MyHeroesSummaryShowScreen.swift; sourceTree = "<group>"; };
		6DAA0883230CE5B000B27D8A /* MyHeroesSummaryDestination.swift */ = {isa = PBXFileReference; lastKnownFileType = sourcecode.swift; path = MyHeroesSummaryDestination.swift; sourceTree = "<group>"; };
		6DAA0886230CE5BF00B27D8A /* MyHeroesSummaryDestinationConfiguration.swift */ = {isa = PBXFileReference; lastKnownFileType = sourcecode.swift; path = MyHeroesSummaryDestinationConfiguration.swift; sourceTree = "<group>"; };
		6DAA0889230CE5CA00B27D8A /* MyHeroesSummaryTypeDestination.swift */ = {isa = PBXFileReference; lastKnownFileType = sourcecode.swift; path = MyHeroesSummaryTypeDestination.swift; sourceTree = "<group>"; };
		6DAA088C230CF62000B27D8A /* ViewBorder.swift */ = {isa = PBXFileReference; lastKnownFileType = sourcecode.swift; path = ViewBorder.swift; sourceTree = "<group>"; };
		6DAA088F230D8CBF00B27D8A /* UIColor.swift */ = {isa = PBXFileReference; lastKnownFileType = sourcecode.swift; path = UIColor.swift; sourceTree = "<group>"; };
		6DAA0892230D8FD700B27D8A /* Double.swift */ = {isa = PBXFileReference; lastKnownFileType = sourcecode.swift; path = Double.swift; sourceTree = "<group>"; };
		6DAA0895230DBAC700B27D8A /* Animation.swift */ = {isa = PBXFileReference; lastKnownFileType = sourcecode.swift; path = Animation.swift; sourceTree = "<group>"; };
		6DAA0898230DD49900B27D8A /* Font.swift */ = {isa = PBXFileReference; lastKnownFileType = sourcecode.swift; path = Font.swift; sourceTree = "<group>"; };
		6DAA089B230E46CB00B27D8A /* CodeView.swift */ = {isa = PBXFileReference; lastKnownFileType = sourcecode.swift; path = CodeView.swift; sourceTree = "<group>"; };
		6DAA089E230E478000B27D8A /* MyHeroesSummaryTableViewCellConfigureConstraints.swift */ = {isa = PBXFileReference; lastKnownFileType = sourcecode.swift; path = MyHeroesSummaryTableViewCellConfigureConstraints.swift; sourceTree = "<group>"; };
		6DAA08A3230E487300B27D8A /* MyHeroesSummaryTableViewCellActions.swift */ = {isa = PBXFileReference; lastKnownFileType = sourcecode.swift; path = MyHeroesSummaryTableViewCellActions.swift; sourceTree = "<group>"; };
		A259F186201CF66900B5164F /* doghero-test.app */ = {isa = PBXFileReference; explicitFileType = wrapper.application; includeInIndex = 0; path = "doghero-test.app"; sourceTree = BUILT_PRODUCTS_DIR; };
		A259F189201CF66900B5164F /* AppDelegate.swift */ = {isa = PBXFileReference; lastKnownFileType = sourcecode.swift; path = AppDelegate.swift; sourceTree = "<group>"; };
		A259F190201CF66900B5164F /* Assets.xcassets */ = {isa = PBXFileReference; lastKnownFileType = folder.assetcatalog; path = Assets.xcassets; sourceTree = "<group>"; };
		A259F193201CF66900B5164F /* Base */ = {isa = PBXFileReference; lastKnownFileType = file.storyboard; name = Base; path = Base.lproj/LaunchScreen.storyboard; sourceTree = "<group>"; };
		A259F195201CF66900B5164F /* Info.plist */ = {isa = PBXFileReference; lastKnownFileType = text.plist.xml; path = Info.plist; sourceTree = "<group>"; };
		A259F19C201CF69F00B5164F /* UIImage.swift */ = {isa = PBXFileReference; lastKnownFileType = sourcecode.swift; path = UIImage.swift; sourceTree = "<group>"; };
		A259F19F201CF6EA00B5164F /* MyHeroes.swift */ = {isa = PBXFileReference; lastKnownFileType = sourcecode.swift; path = MyHeroes.swift; sourceTree = "<group>"; };
		A259F1A1201CF76400B5164F /* JSONParser.swift */ = {isa = PBXFileReference; lastKnownFileType = sourcecode.swift; path = JSONParser.swift; sourceTree = "<group>"; };
/* End PBXFileReference section */

/* Begin PBXFrameworksBuildPhase section */
		6DAA07A4230C6E7500B27D8A /* Frameworks */ = {
			isa = PBXFrameworksBuildPhase;
			buildActionMask = 2147483647;
			files = (
			);
			runOnlyForDeploymentPostprocessing = 0;
		};
		A259F183201CF66900B5164F /* Frameworks */ = {
			isa = PBXFrameworksBuildPhase;
			buildActionMask = 2147483647;
			files = (
			);
			runOnlyForDeploymentPostprocessing = 0;
		};
/* End PBXFrameworksBuildPhase section */

/* Begin PBXGroup section */
		6DAA079B230C6D7900B27D8A /* Presentation */ = {
			isa = PBXGroup;
			children = (
				6DAA082F230CE18400B27D8A /* Shared */,
				6DAA082E230CE18300B27D8A /* MyHeroes */,
			);
			path = Presentation;
			sourceTree = "<group>";
		};
		6DAA079C230C6D7B00B27D8A /* Infrastructure */ = {
			isa = PBXGroup;
			children = (
				6DAA080C230CD23100B27D8A /* Mock */,
				6DAA080D230CD25C00B27D8A /* HeroesSummary */,
			);
			path = Infrastructure;
			sourceTree = "<group>";
		};
		6DAA079D230C6D7C00B27D8A /* Boundary */ = {
			isa = PBXGroup;
			children = (
				6DAA0822230CDAF800B27D8A /* HeroesSummary */,
			);
			path = Boundary;
			sourceTree = "<group>";
		};
		6DAA079E230C6D7D00B27D8A /* Core */ = {
			isa = PBXGroup;
			children = (
				6DAA07A1230C6E0500B27D8A /* Shared */,
				6DAA07A0230C6E0100B27D8A /* MyHeroes */,
			);
			path = Core;
			sourceTree = "<group>";
		};
		6DAA079F230C6D9900B27D8A /* Sources */ = {
			isa = PBXGroup;
			children = (
				A259F189201CF66900B5164F /* AppDelegate.swift */,
				A259F190201CF66900B5164F /* Assets.xcassets */,
				A259F192201CF66900B5164F /* LaunchScreen.storyboard */,
				A259F195201CF66900B5164F /* Info.plist */,
			);
			path = Sources;
			sourceTree = "<group>";
		};
		6DAA07A0230C6E0100B27D8A /* MyHeroes */ = {
			isa = PBXGroup;
			children = (
				6DAA07B5230C6EE900B27D8A /* Model */,
				6DAA07DC230C7B5D00B27D8A /* HeroesSummary */,
			);
			path = MyHeroes;
			sourceTree = "<group>";
		};
		6DAA07A1230C6E0500B27D8A /* Shared */ = {
			isa = PBXGroup;
			children = (
				6DAA07B1230C6E8600B27D8A /* UseCase.swift */,
			);
			path = Shared;
			sourceTree = "<group>";
		};
		6DAA07A8230C6E7500B27D8A /* doghero-testTests */ = {
			isa = PBXGroup;
			children = (
				6DAA07EB230C807000B27D8A /* Core */,
				6DAA07AB230C6E7500B27D8A /* Info.plist */,
			);
			path = "doghero-testTests";
			sourceTree = "<group>";
		};
		6DAA07B5230C6EE900B27D8A /* Model */ = {
			isa = PBXGroup;
			children = (
				6DAA07B6230C6F0D00B27D8A /* ListMyHeroes.swift */,
				6DAA07BA230C6F1600B27D8A /* Host.swift */,
				6DAA07BD230C6F1B00B27D8A /* User.swift */,
			);
			path = Model;
			sourceTree = "<group>";
		};
		6DAA07DC230C7B5D00B27D8A /* HeroesSummary */ = {
			isa = PBXGroup;
			children = (
				6DAA07DD230C7B6C00B27D8A /* UseCase */,
			);
			path = HeroesSummary;
			sourceTree = "<group>";
		};
		6DAA07DD230C7B6C00B27D8A /* UseCase */ = {
			isa = PBXGroup;
			children = (
				6DAA07DE230C7B7400B27D8A /* ObtainMyHeroes */,
			);
			path = UseCase;
			sourceTree = "<group>";
		};
		6DAA07DE230C7B7400B27D8A /* ObtainMyHeroes */ = {
			isa = PBXGroup;
			children = (
				6DAA07DF230C7BBB00B27D8A /* ObtainMyHeroes.swift */,
				6DAA07E2230C7BC200B27D8A /* MyHeroesProvider.swift */,
				6DAA07E5230C7BC900B27D8A /* MyHeroesProviderError.swift */,
				6DAA07E8230C7BD000B27D8A /* MyHeroesReceiver.swift */,
			);
			path = ObtainMyHeroes;
			sourceTree = "<group>";
		};
		6DAA07EB230C807000B27D8A /* Core */ = {
			isa = PBXGroup;
			children = (
				6DAA07EC230C807400B27D8A /* MyHeros */,
			);
			path = Core;
			sourceTree = "<group>";
		};
		6DAA07EC230C807400B27D8A /* MyHeros */ = {
			isa = PBXGroup;
			children = (
				6DAA07F0230C809200B27D8A /* Model */,
				6DAA07EF230C809100B27D8A /* HeroesSummary */,
			);
			path = MyHeros;
			sourceTree = "<group>";
		};
		6DAA07EF230C809100B27D8A /* HeroesSummary */ = {
			isa = PBXGroup;
			children = (
				6DAA0800230C92EB00B27D8A /* UseCase */,
			);
			path = HeroesSummary;
			sourceTree = "<group>";
		};
		6DAA07F0230C809200B27D8A /* Model */ = {
			isa = PBXGroup;
			children = (
				6DAA07FD230C924300B27D8A /* ListMyHerosTestData.swift */,
			);
			path = Model;
			sourceTree = "<group>";
		};
		6DAA0800230C92EB00B27D8A /* UseCase */ = {
			isa = PBXGroup;
			children = (
				6DAA0801230CA16400B27D8A /* ObtainMyHeroesTest.swift */,
				6DAA0803230CA17400B27D8A /* MyHeroesProviderMock.swift */,
				6DAA0806230CA18300B27D8A /* MyHeroesProviderMockFailure.swift */,
				6DAA0809230CA18F00B27D8A /* MyHeroesReceiverMock.swift */,
			);
			path = UseCase;
			sourceTree = "<group>";
		};
		6DAA080C230CD23100B27D8A /* Mock */ = {
			isa = PBXGroup;
			children = (
				A259F19E201CF6D000B5164F /* Api Answer */,
			);
			path = Mock;
			sourceTree = "<group>";
		};
		6DAA080D230CD25C00B27D8A /* HeroesSummary */ = {
			isa = PBXGroup;
			children = (
				6DAA080E230CD26E00B27D8A /* Mock */,
			);
			path = HeroesSummary;
			sourceTree = "<group>";
		};
		6DAA080E230CD26E00B27D8A /* Mock */ = {
			isa = PBXGroup;
			children = (
				6DAA080F230CD27500B27D8A /* ObtainMyHeroes */,
			);
			path = Mock;
			sourceTree = "<group>";
		};
		6DAA080F230CD27500B27D8A /* ObtainMyHeroes */ = {
			isa = PBXGroup;
			children = (
				6DAA0810230CD2E900B27D8A /* DefaultHeroesSummaryMockProvider.swift */,
			);
			path = ObtainMyHeroes;
			sourceTree = "<group>";
		};
		6DAA0822230CDAF800B27D8A /* HeroesSummary */ = {
			isa = PBXGroup;
			children = (
				6DAA0823230CDB0600B27D8A /* ObtainMyHeroes */,
			);
			path = HeroesSummary;
			sourceTree = "<group>";
		};
		6DAA0823230CDB0600B27D8A /* ObtainMyHeroes */ = {
			isa = PBXGroup;
			children = (
				6DAA0824230CDB3D00B27D8A /* DefaultListMyHeroesSummaryExecutor.swift */,
				6DAA0827230CDB4C00B27D8A /* ObtainListMyHeroesSummaryExecutor.swift */,
				6DAA082A230CDB5B00B27D8A /* ObtainListMyHeroesSummaryExecutorError.swift */,
			);
			path = ObtainMyHeroes;
			sourceTree = "<group>";
		};
		6DAA082E230CE18300B27D8A /* MyHeroes */ = {
			isa = PBXGroup;
			children = (
				6DAA0830230CE19B00B27D8A /* HeroesSummary */,
			);
			path = MyHeroes;
			sourceTree = "<group>";
		};
		6DAA082F230CE18400B27D8A /* Shared */ = {
			isa = PBXGroup;
			children = (
				6DAA083D230CE20F00B27D8A /* IdentifiableCell */,
				6DAA083C230CE20F00B27D8A /* BaseConfigurationViewController */,
				6DAA083B230CE20E00B27D8A /* Alert */,
				6DAA083A230CE20D00B27D8A /* ActivityIndicator */,
				A259F19B201CF69100B5164F /* Extensions */,
				6DAA0839230CE20C00B27D8A /* Navigation */,
				6DAA0838230CE20B00B27D8A /* CodeViewable */,
			);
			path = Shared;
			sourceTree = "<group>";
		};
		6DAA0830230CE19B00B27D8A /* HeroesSummary */ = {
			isa = PBXGroup;
			children = (
				6DAA0835230CE1B700B27D8A /* ViewController */,
				6DAA0834230CE1B600B27D8A /* View */,
				6DAA0833230CE1B500B27D8A /* Storyboard */,
				6DAA0832230CE1B400B27D8A /* Presenter */,
				6DAA0831230CE1B200B27D8A /* Navigation */,
			);
			path = HeroesSummary;
			sourceTree = "<group>";
		};
		6DAA0831230CE1B200B27D8A /* Navigation */ = {
			isa = PBXGroup;
			children = (
				6DAA0836230CE1CF00B27D8A /* Destination */,
			);
			path = Navigation;
			sourceTree = "<group>";
		};
		6DAA0832230CE1B400B27D8A /* Presenter */ = {
			isa = PBXGroup;
			children = (
				6DAA087D230CE59600B27D8A /* MyHeroesSummaryPresenter.swift */,
				6DAA0880230CE59C00B27D8A /* MyHeroesSummaryShowScreen.swift */,
			);
			path = Presenter;
			sourceTree = "<group>";
		};
		6DAA0833230CE1B500B27D8A /* Storyboard */ = {
			isa = PBXGroup;
			children = (
				6DAA087A230CE58100B27D8A /* MyHeroesSummaryStoryboard.storyboard */,
			);
			path = Storyboard;
			sourceTree = "<group>";
		};
		6DAA0834230CE1B600B27D8A /* View */ = {
			isa = PBXGroup;
			children = (
				6DAA08A2230E484100B27D8A /* TableView */,
				6DAA08A1230E484000B27D8A /* TableViewCell */,
			);
			path = View;
			sourceTree = "<group>";
		};
		6DAA0835230CE1B700B27D8A /* ViewController */ = {
			isa = PBXGroup;
			children = (
				6DAA086B230CE4E500B27D8A /* MyHeroesSummaryViewController.swift */,
				6DAA086E230CE53100B27D8A /* MyHeroesSummaryConfigureUIComponents.swift */,
				6DAA0871230CE54800B27D8A /* MyHeroesSummaryConfigureRequest.swift */,
			);
			path = ViewController;
			sourceTree = "<group>";
		};
		6DAA0836230CE1CF00B27D8A /* Destination */ = {
			isa = PBXGroup;
			children = (
				6DAA0883230CE5B000B27D8A /* MyHeroesSummaryDestination.swift */,
				6DAA0886230CE5BF00B27D8A /* MyHeroesSummaryDestinationConfiguration.swift */,
				6DAA0889230CE5CA00B27D8A /* MyHeroesSummaryTypeDestination.swift */,
			);
			path = Destination;
			sourceTree = "<group>";
		};
		6DAA0838230CE20B00B27D8A /* CodeViewable */ = {
			isa = PBXGroup;
			children = (
				6DAA089B230E46CB00B27D8A /* CodeView.swift */,
			);
			path = CodeViewable;
			sourceTree = "<group>";
		};
		6DAA0839230CE20C00B27D8A /* Navigation */ = {
			isa = PBXGroup;
			children = (
				6DAA0841230CE26500B27D8A /* NavigationBehavior */,
				6DAA0840230CE26300B27D8A /* Configuration */,
				6DAA083F230CE26200B27D8A /* Destination */,
				6DAA083E230CE25E00B27D8A /* Navigator */,
			);
			path = Navigation;
			sourceTree = "<group>";
		};
		6DAA083A230CE20D00B27D8A /* ActivityIndicator */ = {
			isa = PBXGroup;
			children = (
				6DAA0853230CE36200B27D8A /* ActivityIndicator.swift */,
			);
			path = ActivityIndicator;
			sourceTree = "<group>";
		};
		6DAA083B230CE20E00B27D8A /* Alert */ = {
			isa = PBXGroup;
			children = (
				6DAA0848230CE2E100B27D8A /* Navigation */,
			);
			path = Alert;
			sourceTree = "<group>";
		};
		6DAA083C230CE20F00B27D8A /* BaseConfigurationViewController */ = {
			isa = PBXGroup;
			children = (
				6DAA0845230CE2AF00B27D8A /* BaseConfigurationViewController.swift */,
			);
			path = BaseConfigurationViewController;
			sourceTree = "<group>";
		};
		6DAA083D230CE20F00B27D8A /* IdentifiableCell */ = {
			isa = PBXGroup;
			children = (
				6DAA0842230CE29000B27D8A /* IdentifiableCell.swift */,
			);
			path = IdentifiableCell;
			sourceTree = "<group>";
		};
		6DAA083E230CE25E00B27D8A /* Navigator */ = {
			isa = PBXGroup;
			children = (
				6DAA0865230CE3EE00B27D8A /* DefaultNavigation.swift */,
				6DAA0868230CE42900B27D8A /* Navigator.swift */,
			);
			path = Navigator;
			sourceTree = "<group>";
		};
		6DAA083F230CE26200B27D8A /* Destination */ = {
			isa = PBXGroup;
			children = (
				6DAA085F230CE3CF00B27D8A /* BasicDestinationBehavior.swift */,
				6DAA0862230CE3DF00B27D8A /* Destination.swift */,
			);
			path = Destination;
			sourceTree = "<group>";
		};
		6DAA0840230CE26300B27D8A /* Configuration */ = {
			isa = PBXGroup;
			children = (
				6DAA0859230CE3AB00B27D8A /* NavigationEffect.swift */,
				6DAA085C230CE3BA00B27D8A /* NavigationMode.swift */,
			);
			path = Configuration;
			sourceTree = "<group>";
		};
		6DAA0841230CE26500B27D8A /* NavigationBehavior */ = {
			isa = PBXGroup;
			children = (
				6DAA0856230CE39500B27D8A /* ViewControllerNavigationBehavior.swift */,
			);
			path = NavigationBehavior;
			sourceTree = "<group>";
		};
		6DAA0848230CE2E100B27D8A /* Navigation */ = {
			isa = PBXGroup;
			children = (
				6DAA0849230CE2E900B27D8A /* Destination */,
			);
			path = Navigation;
			sourceTree = "<group>";
		};
		6DAA0849230CE2E900B27D8A /* Destination */ = {
			isa = PBXGroup;
			children = (
				6DAA084A230CE2F900B27D8A /* AlertMessageDestination.swift */,
				6DAA084D230CE30900B27D8A /* AlertMessageDestinationConfiguration.swift */,
				6DAA0850230CE31300B27D8A /* AlertMessageTypeDestination.swift */,
			);
			path = Destination;
			sourceTree = "<group>";
		};
		6DAA08A1230E484000B27D8A /* TableViewCell */ = {
			isa = PBXGroup;
			children = (
				6DAA0877230CE56A00B27D8A /* MyHeroesSummaryTableViewCell.swift */,
				6DAA089E230E478000B27D8A /* MyHeroesSummaryTableViewCellConfigureConstraints.swift */,
				6DAA08A3230E487300B27D8A /* MyHeroesSummaryTableViewCellActions.swift */,
			);
			path = TableViewCell;
			sourceTree = "<group>";
		};
		6DAA08A2230E484100B27D8A /* TableView */ = {
			isa = PBXGroup;
			children = (
				6DAA0874230CE55500B27D8A /* TableViewForMyHeroesSummary.swift */,
			);
			path = TableView;
			sourceTree = "<group>";
		};
		A259F17D201CF66900B5164F = {
			isa = PBXGroup;
			children = (
				A259F188201CF66900B5164F /* doghero-test */,
				6DAA07A8230C6E7500B27D8A /* doghero-testTests */,
				A259F187201CF66900B5164F /* Products */,
			);
			sourceTree = "<group>";
		};
		A259F187201CF66900B5164F /* Products */ = {
			isa = PBXGroup;
			children = (
				A259F186201CF66900B5164F /* doghero-test.app */,
				6DAA07A7230C6E7500B27D8A /* doghero-testTests.xctest */,
			);
			name = Products;
			sourceTree = "<group>";
		};
		A259F188201CF66900B5164F /* doghero-test */ = {
			isa = PBXGroup;
			children = (
				6DAA079F230C6D9900B27D8A /* Sources */,
				6DAA079E230C6D7D00B27D8A /* Core */,
				6DAA079D230C6D7C00B27D8A /* Boundary */,
				6DAA079C230C6D7B00B27D8A /* Infrastructure */,
				6DAA079B230C6D7900B27D8A /* Presentation */,
			);
			path = "doghero-test";
			sourceTree = "<group>";
		};
		A259F19B201CF69100B5164F /* Extensions */ = {
			isa = PBXGroup;
			children = (
				A259F19C201CF69F00B5164F /* UIImage.swift */,
				6DAA088C230CF62000B27D8A /* ViewBorder.swift */,
				6DAA0895230DBAC700B27D8A /* Animation.swift */,
				6DAA088F230D8CBF00B27D8A /* UIColor.swift */,
				6DAA0898230DD49900B27D8A /* Font.swift */,
				6DAA0892230D8FD700B27D8A /* Double.swift */,
			);
			path = Extensions;
			sourceTree = "<group>";
		};
		A259F19E201CF6D000B5164F /* Api Answer */ = {
			isa = PBXGroup;
			children = (
				A259F19F201CF6EA00B5164F /* MyHeroes.swift */,
				6DAA081C230CDA7300B27D8A /* MyHeroesAPIMockable.swift */,
				A259F1A1201CF76400B5164F /* JSONParser.swift */,
				6DAA07F5230C840800B27D8A /* JSONParserGeneric.swift */,
				6DAA07F8230C841D00B27D8A /* JSONParserGenericError.swift */,
			);
			path = "Api Answer";
			sourceTree = "<group>";
		};
/* End PBXGroup section */

/* Begin PBXNativeTarget section */
		6DAA07A6230C6E7500B27D8A /* doghero-testTests */ = {
			isa = PBXNativeTarget;
			buildConfigurationList = 6DAA07AE230C6E7500B27D8A /* Build configuration list for PBXNativeTarget "doghero-testTests" */;
			buildPhases = (
				6DAA07A3230C6E7500B27D8A /* Sources */,
				6DAA07A4230C6E7500B27D8A /* Frameworks */,
				6DAA07A5230C6E7500B27D8A /* Resources */,
			);
			buildRules = (
			);
			dependencies = (
				6DAA07AD230C6E7500B27D8A /* PBXTargetDependency */,
			);
			name = "doghero-testTests";
			productName = "doghero-testTests";
			productReference = 6DAA07A7230C6E7500B27D8A /* doghero-testTests.xctest */;
			productType = "com.apple.product-type.bundle.unit-test";
		};
		A259F185201CF66900B5164F /* doghero-test */ = {
			isa = PBXNativeTarget;
			buildConfigurationList = A259F198201CF66900B5164F /* Build configuration list for PBXNativeTarget "doghero-test" */;
			buildPhases = (
				A259F182201CF66900B5164F /* Sources */,
				A259F183201CF66900B5164F /* Frameworks */,
				A259F184201CF66900B5164F /* Resources */,
			);
			buildRules = (
			);
			dependencies = (
			);
			name = "doghero-test";
			productName = "doghero-test";
			productReference = A259F186201CF66900B5164F /* doghero-test.app */;
			productType = "com.apple.product-type.application";
		};
/* End PBXNativeTarget section */

/* Begin PBXProject section */
		A259F17E201CF66900B5164F /* Project object */ = {
			isa = PBXProject;
			attributes = {
				LastSwiftUpdateCheck = 1010;
				LastUpgradeCheck = 1010;
				ORGANIZATIONNAME = doghero;
				TargetAttributes = {
					6DAA07A6230C6E7500B27D8A = {
						CreatedOnToolsVersion = 10.1;
						ProvisioningStyle = Automatic;
						TestTargetID = A259F185201CF66900B5164F;
					};
					A259F185201CF66900B5164F = {
						CreatedOnToolsVersion = 9.2;
						LastSwiftMigration = 1010;
						ProvisioningStyle = Automatic;
					};
				};
			};
			buildConfigurationList = A259F181201CF66900B5164F /* Build configuration list for PBXProject "doghero-test" */;
			compatibilityVersion = "Xcode 8.0";
			developmentRegion = en;
			hasScannedForEncodings = 0;
			knownRegions = (
				en,
				Base,
			);
			mainGroup = A259F17D201CF66900B5164F;
			productRefGroup = A259F187201CF66900B5164F /* Products */;
			projectDirPath = "";
			projectRoot = "";
			targets = (
				A259F185201CF66900B5164F /* doghero-test */,
				6DAA07A6230C6E7500B27D8A /* doghero-testTests */,
			);
		};
/* End PBXProject section */

/* Begin PBXResourcesBuildPhase section */
		6DAA07A5230C6E7500B27D8A /* Resources */ = {
			isa = PBXResourcesBuildPhase;
			buildActionMask = 2147483647;
			files = (
				6DAA087C230CE58100B27D8A /* MyHeroesSummaryStoryboard.storyboard in Resources */,
			);
			runOnlyForDeploymentPostprocessing = 0;
		};
		A259F184201CF66900B5164F /* Resources */ = {
			isa = PBXResourcesBuildPhase;
			buildActionMask = 2147483647;
			files = (
				A259F194201CF66900B5164F /* LaunchScreen.storyboard in Resources */,
				A259F191201CF66900B5164F /* Assets.xcassets in Resources */,
				6DAA087B230CE58100B27D8A /* MyHeroesSummaryStoryboard.storyboard in Resources */,
			);
			runOnlyForDeploymentPostprocessing = 0;
		};
/* End PBXResourcesBuildPhase section */

/* Begin PBXSourcesBuildPhase section */
		6DAA07A3230C6E7500B27D8A /* Sources */ = {
			isa = PBXSourcesBuildPhase;
			buildActionMask = 2147483647;
			files = (
				6DAA07E7230C7BC900B27D8A /* MyHeroesProviderError.swift in Sources */,
				6DAA087F230CE59600B27D8A /* MyHeroesSummaryPresenter.swift in Sources */,
				6DAA0826230CDB3D00B27D8A /* DefaultListMyHeroesSummaryExecutor.swift in Sources */,
				6DAA0879230CE56A00B27D8A /* MyHeroesSummaryTableViewCell.swift in Sources */,
				6DAA07FB230C8D1300B27D8A /* JSONParser.swift in Sources */,
				6DAA0858230CE39500B27D8A /* ViewControllerNavigationBehavior.swift in Sources */,
				6DAA0876230CE55500B27D8A /* TableViewForMyHeroesSummary.swift in Sources */,
				6DAA080B230CA18F00B27D8A /* MyHeroesReceiverMock.swift in Sources */,
				6DAA0855230CE36200B27D8A /* ActivityIndicator.swift in Sources */,
				6DAA0808230CA18300B27D8A /* MyHeroesProviderMockFailure.swift in Sources */,
				6DAA084C230CE2F900B27D8A /* AlertMessageDestination.swift in Sources */,
				6DAA0870230CE53100B27D8A /* MyHeroesSummaryConfigureUIComponents.swift in Sources */,
				6DAA089D230E46CB00B27D8A /* CodeView.swift in Sources */,
				6DAA07F7230C840800B27D8A /* JSONParserGeneric.swift in Sources */,
				6DAA07B9230C6F1000B27D8A /* UseCase.swift in Sources */,
				6DAA07E4230C7BC200B27D8A /* MyHeroesProvider.swift in Sources */,
				6DAA0802230CA16400B27D8A /* ObtainMyHeroesTest.swift in Sources */,
				6DAA0888230CE5BF00B27D8A /* MyHeroesSummaryDestinationConfiguration.swift in Sources */,
				6DAA085E230CE3BA00B27D8A /* NavigationMode.swift in Sources */,
				6DAA0867230CE3EE00B27D8A /* DefaultNavigation.swift in Sources */,
				6DAA0861230CE3CF00B27D8A /* BasicDestinationBehavior.swift in Sources */,
				6DAA0805230CA17400B27D8A /* MyHeroesProviderMock.swift in Sources */,
				6DAA0812230CD2E900B27D8A /* DefaultHeroesSummaryMockProvider.swift in Sources */,
				6DAA08A5230E487300B27D8A /* MyHeroesSummaryTableViewCellActions.swift in Sources */,
				6DAA085B230CE3AB00B27D8A /* NavigationEffect.swift in Sources */,
				6DAA07FA230C841D00B27D8A /* JSONParserGenericError.swift in Sources */,
				6DAA0829230CDB4C00B27D8A /* ObtainListMyHeroesSummaryExecutor.swift in Sources */,
				6DAA082C230CDB5B00B27D8A /* ObtainListMyHeroesSummaryExecutorError.swift in Sources */,
				6DAA0897230DBAC700B27D8A /* Animation.swift in Sources */,
				6DAA086A230CE42900B27D8A /* Navigator.swift in Sources */,
				6DAA081E230CDA7300B27D8A /* MyHeroesAPIMockable.swift in Sources */,
				6DAA084F230CE30900B27D8A /* AlertMessageDestinationConfiguration.swift in Sources */,
				6DAA07B8230C6F0D00B27D8A /* ListMyHeroes.swift in Sources */,
				6D007544232996C00062EDE7 /* AppDelegate.swift in Sources */,
				6D007543232996BB0062EDE7 /* UIImage.swift in Sources */,
				6DAA0894230D8FD700B27D8A /* Double.swift in Sources */,
				6DAA089A230DD49A00B27D8A /* Font.swift in Sources */,
				6DAA07E1230C7BBB00B27D8A /* ObtainMyHeroes.swift in Sources */,
				6DAA0891230D8CBF00B27D8A /* UIColor.swift in Sources */,
				6DAA07BF230C6F1B00B27D8A /* User.swift in Sources */,
				6DAA0852230CE31300B27D8A /* AlertMessageTypeDestination.swift in Sources */,
				6DAA0847230CE2AF00B27D8A /* BaseConfigurationViewController.swift in Sources */,
				6DAA07FC230C8D1600B27D8A /* MyHeroes.swift in Sources */,
				6DAA07FF230C924300B27D8A /* ListMyHerosTestData.swift in Sources */,
				6DAA0882230CE59C00B27D8A /* MyHeroesSummaryShowScreen.swift in Sources */,
				6DAA0885230CE5B000B27D8A /* MyHeroesSummaryDestination.swift in Sources */,
				6DAA0844230CE29000B27D8A /* IdentifiableCell.swift in Sources */,
				6DAA08A0230E478000B27D8A /* MyHeroesSummaryTableViewCellConfigureConstraints.swift in Sources */,
				6DAA07BC230C6F1600B27D8A /* Host.swift in Sources */,
				6DAA088E230CF62000B27D8A /* ViewBorder.swift in Sources */,
				6DAA07EA230C7BD000B27D8A /* MyHeroesReceiver.swift in Sources */,
				6DAA0864230CE3DF00B27D8A /* Destination.swift in Sources */,
				6DAA086D230CE4E500B27D8A /* MyHeroesSummaryViewController.swift in Sources */,
				6DAA0873230CE54800B27D8A /* MyHeroesSummaryConfigureRequest.swift in Sources */,
				6DAA088B230CE5CA00B27D8A /* MyHeroesSummaryTypeDestination.swift in Sources */,
			);
			runOnlyForDeploymentPostprocessing = 0;
		};
		A259F182201CF66900B5164F /* Sources */ = {
			isa = PBXSourcesBuildPhase;
			buildActionMask = 2147483647;
			files = (
				6DAA07E3230C7BC200B27D8A /* MyHeroesProvider.swift in Sources */,
				A259F19D201CF69F00B5164F /* UIImage.swift in Sources */,
				6DAA0893230D8FD700B27D8A /* Double.swift in Sources */,
				6DAA0878230CE56A00B27D8A /* MyHeroesSummaryTableViewCell.swift in Sources */,
				A259F1A2201CF76400B5164F /* JSONParser.swift in Sources */,
				6DAA0890230D8CBF00B27D8A /* UIColor.swift in Sources */,
				6DAA0863230CE3DF00B27D8A /* Destination.swift in Sources */,
				6DAA07E0230C7BBB00B27D8A /* ObtainMyHeroes.swift in Sources */,
				6DAA0869230CE42900B27D8A /* Navigator.swift in Sources */,
				6DAA0854230CE36200B27D8A /* ActivityIndicator.swift in Sources */,
				6DAA0843230CE29000B27D8A /* IdentifiableCell.swift in Sources */,
				6DAA0866230CE3EE00B27D8A /* DefaultNavigation.swift in Sources */,
				6DAA086C230CE4E500B27D8A /* MyHeroesSummaryViewController.swift in Sources */,
				6DAA07F6230C840800B27D8A /* JSONParserGeneric.swift in Sources */,
				6DAA086F230CE53100B27D8A /* MyHeroesSummaryConfigureUIComponents.swift in Sources */,
				6DAA0881230CE59C00B27D8A /* MyHeroesSummaryShowScreen.swift in Sources */,
				A259F1A0201CF6EA00B5164F /* MyHeroes.swift in Sources */,
				6DAA088A230CE5CA00B27D8A /* MyHeroesSummaryTypeDestination.swift in Sources */,
				6DAA0872230CE54800B27D8A /* MyHeroesSummaryConfigureRequest.swift in Sources */,
				6DAA07BB230C6F1600B27D8A /* Host.swift in Sources */,
				6DAA085D230CE3BA00B27D8A /* NavigationMode.swift in Sources */,
				6DAA082B230CDB5B00B27D8A /* ObtainListMyHeroesSummaryExecutorError.swift in Sources */,
				6DAA07B2230C6E8600B27D8A /* UseCase.swift in Sources */,
				6DAA07BE230C6F1B00B27D8A /* User.swift in Sources */,
				6DAA0825230CDB3D00B27D8A /* DefaultListMyHeroesSummaryExecutor.swift in Sources */,
				6DAA07E9230C7BD000B27D8A /* MyHeroesReceiver.swift in Sources */,
				6DAA087E230CE59600B27D8A /* MyHeroesSummaryPresenter.swift in Sources */,
				6DAA081D230CDA7300B27D8A /* MyHeroesAPIMockable.swift in Sources */,
				6DAA0846230CE2AF00B27D8A /* BaseConfigurationViewController.swift in Sources */,
				6DAA0887230CE5BF00B27D8A /* MyHeroesSummaryDestinationConfiguration.swift in Sources */,
				6DAA0860230CE3CF00B27D8A /* BasicDestinationBehavior.swift in Sources */,
				6DAA0857230CE39500B27D8A /* ViewControllerNavigationBehavior.swift in Sources */,
				6DAA0884230CE5B000B27D8A /* MyHeroesSummaryDestination.swift in Sources */,
				6DAA0875230CE55500B27D8A /* TableViewForMyHeroesSummary.swift in Sources */,
				6DAA07F9230C841D00B27D8A /* JSONParserGenericError.swift in Sources */,
				6DAA07E6230C7BC900B27D8A /* MyHeroesProviderError.swift in Sources */,
				6DAA084B230CE2F900B27D8A /* AlertMessageDestination.swift in Sources */,
				6DAA0828230CDB4C00B27D8A /* ObtainListMyHeroesSummaryExecutor.swift in Sources */,
				6DAA085A230CE3AB00B27D8A /* NavigationEffect.swift in Sources */,
				6DAA0896230DBAC700B27D8A /* Animation.swift in Sources */,
				6DAA084E230CE30900B27D8A /* AlertMessageDestinationConfiguration.swift in Sources */,
				6DAA07B7230C6F0D00B27D8A /* ListMyHeroes.swift in Sources */,
				6DAA088D230CF62000B27D8A /* ViewBorder.swift in Sources */,
				6DAA0899230DD49A00B27D8A /* Font.swift in Sources */,
				A259F18A201CF66900B5164F /* AppDelegate.swift in Sources */,
				6DAA0811230CD2E900B27D8A /* DefaultHeroesSummaryMockProvider.swift in Sources */,
				6DAA0851230CE31300B27D8A /* AlertMessageTypeDestination.swift in Sources */,
				6DAA089F230E478000B27D8A /* MyHeroesSummaryTableViewCellConfigureConstraints.swift in Sources */,
				6DAA08A4230E487300B27D8A /* MyHeroesSummaryTableViewCellActions.swift in Sources */,
				6DAA089C230E46CB00B27D8A /* CodeView.swift in Sources */,
			);
			runOnlyForDeploymentPostprocessing = 0;
		};
/* End PBXSourcesBuildPhase section */

/* Begin PBXTargetDependency section */
		6DAA07AD230C6E7500B27D8A /* PBXTargetDependency */ = {
			isa = PBXTargetDependency;
			target = A259F185201CF66900B5164F /* doghero-test */;
			targetProxy = 6DAA07AC230C6E7500B27D8A /* PBXContainerItemProxy */;
		};
/* End PBXTargetDependency section */

/* Begin PBXVariantGroup section */
		A259F192201CF66900B5164F /* LaunchScreen.storyboard */ = {
			isa = PBXVariantGroup;
			children = (
				A259F193201CF66900B5164F /* Base */,
			);
			name = LaunchScreen.storyboard;
			sourceTree = "<group>";
		};
/* End PBXVariantGroup section */

/* Begin XCBuildConfiguration section */
		6DAA07AF230C6E7500B27D8A /* Debug */ = {
			isa = XCBuildConfiguration;
			buildSettings = {
				BUNDLE_LOADER = "$(TEST_HOST)";
				CLANG_ENABLE_OBJC_WEAK = YES;
				CLANG_WARN_DEPRECATED_OBJC_IMPLEMENTATIONS = YES;
				CLANG_WARN_OBJC_IMPLICIT_RETAIN_SELF = YES;
				CODE_SIGN_STYLE = Automatic;
				DEVELOPMENT_TEAM = 4DRM7LH39Z;
				INFOPLIST_FILE = "doghero-testTests/Info.plist";
				IPHONEOS_DEPLOYMENT_TARGET = 12.1;
				LD_RUNPATH_SEARCH_PATHS = "$(inherited) @executable_path/Frameworks @loader_path/Frameworks";
				MTL_ENABLE_DEBUG_INFO = INCLUDE_SOURCE;
				MTL_FAST_MATH = YES;
				PRODUCT_BUNDLE_IDENTIFIER = "br.com.rmdevwork.doghero-testTests";
				PRODUCT_NAME = "$(TARGET_NAME)";
				SWIFT_VERSION = 4.2;
				TARGETED_DEVICE_FAMILY = "1,2";
				TEST_HOST = "$(BUILT_PRODUCTS_DIR)/doghero-test.app/doghero-test";
			};
			name = Debug;
		};
		6DAA07B0230C6E7500B27D8A /* Release */ = {
			isa = XCBuildConfiguration;
			buildSettings = {
				BUNDLE_LOADER = "$(TEST_HOST)";
				CLANG_ENABLE_OBJC_WEAK = YES;
				CLANG_WARN_DEPRECATED_OBJC_IMPLEMENTATIONS = YES;
				CLANG_WARN_OBJC_IMPLICIT_RETAIN_SELF = YES;
				CODE_SIGN_STYLE = Automatic;
				DEVELOPMENT_TEAM = 4DRM7LH39Z;
				INFOPLIST_FILE = "doghero-testTests/Info.plist";
				IPHONEOS_DEPLOYMENT_TARGET = 12.1;
				LD_RUNPATH_SEARCH_PATHS = "$(inherited) @executable_path/Frameworks @loader_path/Frameworks";
				MTL_FAST_MATH = YES;
				PRODUCT_BUNDLE_IDENTIFIER = "br.com.rmdevwork.doghero-testTests";
				PRODUCT_NAME = "$(TARGET_NAME)";
				SWIFT_VERSION = 4.2;
				TARGETED_DEVICE_FAMILY = "1,2";
				TEST_HOST = "$(BUILT_PRODUCTS_DIR)/doghero-test.app/doghero-test";
			};
			name = Release;
		};
		A259F196201CF66900B5164F /* Debug */ = {
			isa = XCBuildConfiguration;
			buildSettings = {
				ALWAYS_SEARCH_USER_PATHS = NO;
				CLANG_ANALYZER_NONNULL = YES;
				CLANG_ANALYZER_NUMBER_OBJECT_CONVERSION = YES_AGGRESSIVE;
				CLANG_CXX_LANGUAGE_STANDARD = "gnu++14";
				CLANG_CXX_LIBRARY = "libc++";
				CLANG_ENABLE_MODULES = YES;
				CLANG_ENABLE_OBJC_ARC = YES;
				CLANG_WARN_BLOCK_CAPTURE_AUTORELEASING = YES;
				CLANG_WARN_BOOL_CONVERSION = YES;
				CLANG_WARN_COMMA = YES;
				CLANG_WARN_CONSTANT_CONVERSION = YES;
				CLANG_WARN_DEPRECATED_OBJC_IMPLEMENTATIONS = YES;
				CLANG_WARN_DIRECT_OBJC_ISA_USAGE = YES_ERROR;
				CLANG_WARN_DOCUMENTATION_COMMENTS = YES;
				CLANG_WARN_EMPTY_BODY = YES;
				CLANG_WARN_ENUM_CONVERSION = YES;
				CLANG_WARN_INFINITE_RECURSION = YES;
				CLANG_WARN_INT_CONVERSION = YES;
				CLANG_WARN_NON_LITERAL_NULL_CONVERSION = YES;
				CLANG_WARN_OBJC_IMPLICIT_RETAIN_SELF = YES;
				CLANG_WARN_OBJC_LITERAL_CONVERSION = YES;
				CLANG_WARN_OBJC_ROOT_CLASS = YES_ERROR;
				CLANG_WARN_RANGE_LOOP_ANALYSIS = YES;
				CLANG_WARN_STRICT_PROTOTYPES = YES;
				CLANG_WARN_SUSPICIOUS_MOVE = YES;
				CLANG_WARN_UNGUARDED_AVAILABILITY = YES_AGGRESSIVE;
				CLANG_WARN_UNREACHABLE_CODE = YES;
				CLANG_WARN__DUPLICATE_METHOD_MATCH = YES;
				CODE_SIGN_IDENTITY = "iPhone Developer";
				COPY_PHASE_STRIP = NO;
				DEBUG_INFORMATION_FORMAT = dwarf;
				ENABLE_STRICT_OBJC_MSGSEND = YES;
				ENABLE_TESTABILITY = YES;
				GCC_C_LANGUAGE_STANDARD = gnu11;
				GCC_DYNAMIC_NO_PIC = NO;
				GCC_NO_COMMON_BLOCKS = YES;
				GCC_OPTIMIZATION_LEVEL = 0;
				GCC_PREPROCESSOR_DEFINITIONS = (
					"DEBUG=1",
					"$(inherited)",
				);
				GCC_WARN_64_TO_32_BIT_CONVERSION = YES;
				GCC_WARN_ABOUT_RETURN_TYPE = YES_ERROR;
				GCC_WARN_UNDECLARED_SELECTOR = YES;
				GCC_WARN_UNINITIALIZED_AUTOS = YES_AGGRESSIVE;
				GCC_WARN_UNUSED_FUNCTION = YES;
				GCC_WARN_UNUSED_VARIABLE = YES;
				IPHONEOS_DEPLOYMENT_TARGET = 11.2;
				MTL_ENABLE_DEBUG_INFO = YES;
				ONLY_ACTIVE_ARCH = YES;
				SDKROOT = iphoneos;
				SWIFT_ACTIVE_COMPILATION_CONDITIONS = DEBUG;
				SWIFT_OPTIMIZATION_LEVEL = "-Onone";
			};
			name = Debug;
		};
		A259F197201CF66900B5164F /* Release */ = {
			isa = XCBuildConfiguration;
			buildSettings = {
				ALWAYS_SEARCH_USER_PATHS = NO;
				CLANG_ANALYZER_NONNULL = YES;
				CLANG_ANALYZER_NUMBER_OBJECT_CONVERSION = YES_AGGRESSIVE;
				CLANG_CXX_LANGUAGE_STANDARD = "gnu++14";
				CLANG_CXX_LIBRARY = "libc++";
				CLANG_ENABLE_MODULES = YES;
				CLANG_ENABLE_OBJC_ARC = YES;
				CLANG_WARN_BLOCK_CAPTURE_AUTORELEASING = YES;
				CLANG_WARN_BOOL_CONVERSION = YES;
				CLANG_WARN_COMMA = YES;
				CLANG_WARN_CONSTANT_CONVERSION = YES;
				CLANG_WARN_DEPRECATED_OBJC_IMPLEMENTATIONS = YES;
				CLANG_WARN_DIRECT_OBJC_ISA_USAGE = YES_ERROR;
				CLANG_WARN_DOCUMENTATION_COMMENTS = YES;
				CLANG_WARN_EMPTY_BODY = YES;
				CLANG_WARN_ENUM_CONVERSION = YES;
				CLANG_WARN_INFINITE_RECURSION = YES;
				CLANG_WARN_INT_CONVERSION = YES;
				CLANG_WARN_NON_LITERAL_NULL_CONVERSION = YES;
				CLANG_WARN_OBJC_IMPLICIT_RETAIN_SELF = YES;
				CLANG_WARN_OBJC_LITERAL_CONVERSION = YES;
				CLANG_WARN_OBJC_ROOT_CLASS = YES_ERROR;
				CLANG_WARN_RANGE_LOOP_ANALYSIS = YES;
				CLANG_WARN_STRICT_PROTOTYPES = YES;
				CLANG_WARN_SUSPICIOUS_MOVE = YES;
				CLANG_WARN_UNGUARDED_AVAILABILITY = YES_AGGRESSIVE;
				CLANG_WARN_UNREACHABLE_CODE = YES;
				CLANG_WARN__DUPLICATE_METHOD_MATCH = YES;
				CODE_SIGN_IDENTITY = "iPhone Developer";
				COPY_PHASE_STRIP = NO;
				DEBUG_INFORMATION_FORMAT = "dwarf-with-dsym";
				ENABLE_NS_ASSERTIONS = NO;
				ENABLE_STRICT_OBJC_MSGSEND = YES;
				GCC_C_LANGUAGE_STANDARD = gnu11;
				GCC_NO_COMMON_BLOCKS = YES;
				GCC_WARN_64_TO_32_BIT_CONVERSION = YES;
				GCC_WARN_ABOUT_RETURN_TYPE = YES_ERROR;
				GCC_WARN_UNDECLARED_SELECTOR = YES;
				GCC_WARN_UNINITIALIZED_AUTOS = YES_AGGRESSIVE;
				GCC_WARN_UNUSED_FUNCTION = YES;
				GCC_WARN_UNUSED_VARIABLE = YES;
				IPHONEOS_DEPLOYMENT_TARGET = 11.2;
				MTL_ENABLE_DEBUG_INFO = NO;
				SDKROOT = iphoneos;
				SWIFT_OPTIMIZATION_LEVEL = "-Owholemodule";
				VALIDATE_PRODUCT = YES;
			};
			name = Release;
		};
		A259F199201CF66900B5164F /* Debug */ = {
			isa = XCBuildConfiguration;
			buildSettings = {
				ASSETCATALOG_COMPILER_APPICON_NAME = AppIcon;
				CODE_SIGN_STYLE = Automatic;
				INFOPLIST_FILE = "$(SRCROOT)/doghero-test/Sources/Info.plist";
				LD_RUNPATH_SEARCH_PATHS = "$(inherited) @executable_path/Frameworks";
				PRODUCT_BUNDLE_IDENTIFIER = "br.com.doghero.doghero-test";
				PRODUCT_NAME = "$(TARGET_NAME)";
				SWIFT_VERSION = 4.2;
				TARGETED_DEVICE_FAMILY = "1,2";
			};
			name = Debug;
		};
		A259F19A201CF66900B5164F /* Release */ = {
			isa = XCBuildConfiguration;
			buildSettings = {
				ASSETCATALOG_COMPILER_APPICON_NAME = AppIcon;
				CODE_SIGN_STYLE = Automatic;
				INFOPLIST_FILE = "$(SRCROOT)/doghero-test/Sources/Info.plist";
				LD_RUNPATH_SEARCH_PATHS = "$(inherited) @executable_path/Frameworks";
				PRODUCT_BUNDLE_IDENTIFIER = "br.com.doghero.doghero-test";
				PRODUCT_NAME = "$(TARGET_NAME)";
				SWIFT_VERSION = 4.2;
				TARGETED_DEVICE_FAMILY = "1,2";
			};
			name = Release;
		};
/* End XCBuildConfiguration section */

/* Begin XCConfigurationList section */
		6DAA07AE230C6E7500B27D8A /* Build configuration list for PBXNativeTarget "doghero-testTests" */ = {
			isa = XCConfigurationList;
			buildConfigurations = (
				6DAA07AF230C6E7500B27D8A /* Debug */,
				6DAA07B0230C6E7500B27D8A /* Release */,
			);
			defaultConfigurationIsVisible = 0;
			defaultConfigurationName = Release;
		};
		A259F181201CF66900B5164F /* Build configuration list for PBXProject "doghero-test" */ = {
			isa = XCConfigurationList;
			buildConfigurations = (
				A259F196201CF66900B5164F /* Debug */,
				A259F197201CF66900B5164F /* Release */,
			);
			defaultConfigurationIsVisible = 0;
			defaultConfigurationName = Release;
		};
		A259F198201CF66900B5164F /* Build configuration list for PBXNativeTarget "doghero-test" */ = {
			isa = XCConfigurationList;
			buildConfigurations = (
				A259F199201CF66900B5164F /* Debug */,
				A259F19A201CF66900B5164F /* Release */,
			);
			defaultConfigurationIsVisible = 0;
			defaultConfigurationName = Release;
		};
/* End XCConfigurationList section */
	};
	rootObject = A259F17E201CF66900B5164F /* Project object */;
}
